
Microsoft Visual Studio Solution File, Format Version 12.00
# Visual Studio 14
VisualStudioVersion = 14.0.25420.1
MinimumVisualStudioVersion = 10.0.40219.1
Project("{8BC9CEB8-8B4A-11D0-8D11-00A0C91BC942}") = "MTI805_Project", "MTI805_Project\MTI805_Project.vcxproj", "{DF929A2B-4A38-4A32-819C-43A0A712F224}"
EndProject
Project("{8BC9CEB8-8B4A-11D0-8D11-00A0C91BC942}") = "EM", "EM\EM.vcxproj", "{D7A92009-EB0A-4DB6-879A-52079E8A0488}"
EndProject
Project("{8BC9CEB8-8B4A-11D0-8D11-00A0C91BC942}") = "SVM", "SVM\SVM.vcxproj", "{A754007D-FF04-4F29-9142-4C4E57483585}"
EndProject
Project("{8BC9CEB8-8B4A-11D0-8D11-00A0C91BC942}") = "BLOB_DETECTION", "BLOB_DETECTION\BLOB_DETECTION.vcxproj", "{2AB37CA1-BDF2-49A2-9465-2C1975ADB3DA}"
EndProject
Project("{8BC9CEB8-8B4A-11D0-8D11-00A0C91BC942}") = "SVM_VIEW", "SVM_VIEW\SVM_VIEW.vcxproj", "{4F52F454-CC89-4E0D-92AE-448B0BF4EDC0}"
EndProject
Project("{8BC9CEB8-8B4A-11D0-8D11-00A0C91BC942}") = "KMEANS_PLAYERS", "KMEANS_PLAYERS\KMEANS_PLAYERS.vcxproj", "{DE8F270E-3D0D-450E-AC5C-8CE7D8B79E9E}"
EndProject
Project("{8BC9CEB8-8B4A-11D0-8D11-00A0C91BC942}") = "TEST_THRESHOLD", "TEST_THRESHOLD\TEST_THRESHOLD.vcxproj", "{33B685C3-8A82-4F67-BD76-20B37A278894}"
EndProject
Project("{8BC9CEB8-8B4A-11D0-8D11-00A0C91BC942}") = "EMTest", "EMTest\EMTest.vcxproj", "{7C9A52B5-9239-4985-A8B9-5B2D87607319}"
EndProject
Project("{8BC9CEB8-8B4A-11D0-8D11-00A0C91BC942}") = "EMTest2", "EMTest2\EMTest2.vcxproj", "{B5596DBD-8BD6-410E-BE79-06EF0EE91D56}"
EndProject
Global
	GlobalSection(SolutionConfigurationPlatforms) = preSolution
		Debug|x64 = Debug|x64
		Debug|x86 = Debug|x86
		Release|x64 = Release|x64
		Release|x86 = Release|x86
	EndGlobalSection
	GlobalSection(ProjectConfigurationPlatforms) = postSolution
		{DF929A2B-4A38-4A32-819C-43A0A712F224}.Debug|x64.ActiveCfg = Debug|x64
		{DF929A2B-4A38-4A32-819C-43A0A712F224}.Debug|x64.Build.0 = Debug|x64
		{DF929A2B-4A38-4A32-819C-43A0A712F224}.Debug|x86.ActiveCfg = Debug|Win32
		{DF929A2B-4A38-4A32-819C-43A0A712F224}.Debug|x86.Build.0 = Debug|Win32
		{DF929A2B-4A38-4A32-819C-43A0A712F224}.Release|x64.ActiveCfg = Release|x64
		{DF929A2B-4A38-4A32-819C-43A0A712F224}.Release|x64.Build.0 = Release|x64
		{DF929A2B-4A38-4A32-819C-43A0A712F224}.Release|x86.ActiveCfg = Release|Win32
		{DF929A2B-4A38-4A32-819C-43A0A712F224}.Release|x86.Build.0 = Release|Win32
		{D7A92009-EB0A-4DB6-879A-52079E8A0488}.Debug|x64.ActiveCfg = Debug|x64
		{D7A92009-EB0A-4DB6-879A-52079E8A0488}.Debug|x64.Build.0 = Debug|x64
		{D7A92009-EB0A-4DB6-879A-52079E8A0488}.Debug|x86.ActiveCfg = Debug|Win32
		{D7A92009-EB0A-4DB6-879A-52079E8A0488}.Debug|x86.Build.0 = Debug|Win32
		{D7A92009-EB0A-4DB6-879A-52079E8A0488}.Release|x64.ActiveCfg = Release|x64
		{D7A92009-EB0A-4DB6-879A-52079E8A0488}.Release|x64.Build.0 = Release|x64
		{D7A92009-EB0A-4DB6-879A-52079E8A0488}.Release|x86.ActiveCfg = Release|Win32
		{D7A92009-EB0A-4DB6-879A-52079E8A0488}.Release|x86.Build.0 = Release|Win32
		{A754007D-FF04-4F29-9142-4C4E57483585}.Debug|x64.ActiveCfg = Debug|x64
		{A754007D-FF04-4F29-9142-4C4E57483585}.Debug|x64.Build.0 = Debug|x64
		{A754007D-FF04-4F29-9142-4C4E57483585}.Debug|x86.ActiveCfg = Debug|Win32
		{A754007D-FF04-4F29-9142-4C4E57483585}.Debug|x86.Build.0 = Debug|Win32
		{A754007D-FF04-4F29-9142-4C4E57483585}.Release|x64.ActiveCfg = Release|x64
		{A754007D-FF04-4F29-9142-4C4E57483585}.Release|x64.Build.0 = Release|x64
		{A754007D-FF04-4F29-9142-4C4E57483585}.Release|x86.ActiveCfg = Release|Win32
		{A754007D-FF04-4F29-9142-4C4E57483585}.Release|x86.Build.0 = Release|Win32
		{2AB37CA1-BDF2-49A2-9465-2C1975ADB3DA}.Debug|x64.ActiveCfg = Debug|x64
		{2AB37CA1-BDF2-49A2-9465-2C1975ADB3DA}.Debug|x64.Build.0 = Debug|x64
		{2AB37CA1-BDF2-49A2-9465-2C1975ADB3DA}.Debug|x86.ActiveCfg = Debug|Win32
		{2AB37CA1-BDF2-49A2-9465-2C1975ADB3DA}.Debug|x86.Build.0 = Debug|Win32
		{2AB37CA1-BDF2-49A2-9465-2C1975ADB3DA}.Release|x64.ActiveCfg = Release|x64
		{2AB37CA1-BDF2-49A2-9465-2C1975ADB3DA}.Release|x64.Build.0 = Release|x64
		{2AB37CA1-BDF2-49A2-9465-2C1975ADB3DA}.Release|x86.ActiveCfg = Release|Win32
		{2AB37CA1-BDF2-49A2-9465-2C1975ADB3DA}.Release|x86.Build.0 = Release|Win32
		{4F52F454-CC89-4E0D-92AE-448B0BF4EDC0}.Debug|x64.ActiveCfg = Debug|x64
		{4F52F454-CC89-4E0D-92AE-448B0BF4EDC0}.Debug|x64.Build.0 = Debug|x64
		{4F52F454-CC89-4E0D-92AE-448B0BF4EDC0}.Debug|x86.ActiveCfg = Debug|Win32
		{4F52F454-CC89-4E0D-92AE-448B0BF4EDC0}.Debug|x86.Build.0 = Debug|Win32
		{4F52F454-CC89-4E0D-92AE-448B0BF4EDC0}.Release|x64.ActiveCfg = Release|x64
		{4F52F454-CC89-4E0D-92AE-448B0BF4EDC0}.Release|x64.Build.0 = Release|x64
		{4F52F454-CC89-4E0D-92AE-448B0BF4EDC0}.Release|x86.ActiveCfg = Release|Win32
		{4F52F454-CC89-4E0D-92AE-448B0BF4EDC0}.Release|x86.Build.0 = Release|Win32
		{DE8F270E-3D0D-450E-AC5C-8CE7D8B79E9E}.Debug|x64.ActiveCfg = Debug|x64
		{DE8F270E-3D0D-450E-AC5C-8CE7D8B79E9E}.Debug|x64.Build.0 = Debug|x64
		{DE8F270E-3D0D-450E-AC5C-8CE7D8B79E9E}.Debug|x86.ActiveCfg = Debug|Win32
		{DE8F270E-3D0D-450E-AC5C-8CE7D8B79E9E}.Debug|x86.Build.0 = Debug|Win32
		{DE8F270E-3D0D-450E-AC5C-8CE7D8B79E9E}.Release|x64.ActiveCfg = Release|x64
		{DE8F270E-3D0D-450E-AC5C-8CE7D8B79E9E}.Release|x64.Build.0 = Release|x64
		{DE8F270E-3D0D-450E-AC5C-8CE7D8B79E9E}.Release|x86.ActiveCfg = Release|Win32
		{DE8F270E-3D0D-450E-AC5C-8CE7D8B79E9E}.Release|x86.Build.0 = Release|Win32
		{33B685C3-8A82-4F67-BD76-20B37A278894}.Debug|x64.ActiveCfg = Debug|x64
		{33B685C3-8A82-4F67-BD76-20B37A278894}.Debug|x64.Build.0 = Debug|x64
		{33B685C3-8A82-4F67-BD76-20B37A278894}.Debug|x86.ActiveCfg = Debug|Win32
		{33B685C3-8A82-4F67-BD76-20B37A278894}.Debug|x86.Build.0 = Debug|Win32
		{33B685C3-8A82-4F67-BD76-20B37A278894}.Release|x64.ActiveCfg = Release|x64
		{33B685C3-8A82-4F67-BD76-20B37A278894}.Release|x64.Build.0 = Release|x64
		{33B685C3-8A82-4F67-BD76-20B37A278894}.Release|x86.ActiveCfg = Release|Win32
		{33B685C3-8A82-4F67-BD76-20B37A278894}.Release|x86.Build.0 = Release|Win32
		{7C9A52B5-9239-4985-A8B9-5B2D87607319}.Debug|x64.ActiveCfg = Debug|x64
		{7C9A52B5-9239-4985-A8B9-5B2D87607319}.Debug|x64.Build.0 = Debug|x64
		{7C9A52B5-9239-4985-A8B9-5B2D87607319}.Debug|x86.ActiveCfg = Debug|Win32
		{7C9A52B5-9239-4985-A8B9-5B2D87607319}.Debug|x86.Build.0 = Debug|Win32
		{7C9A52B5-9239-4985-A8B9-5B2D87607319}.Release|x64.ActiveCfg = Release|x64
		{7C9A52B5-9239-4985-A8B9-5B2D87607319}.Release|x64.Build.0 = Release|x64
		{7C9A52B5-9239-4985-A8B9-5B2D87607319}.Release|x86.ActiveCfg = Release|Win32
		{7C9A52B5-9239-4985-A8B9-5B2D87607319}.Release|x86.Build.0 = Release|Win32
		{B5596DBD-8BD6-410E-BE79-06EF0EE91D56}.Debug|x64.ActiveCfg = Debug|x64
		{B5596DBD-8BD6-410E-BE79-06EF0EE91D56}.Debug|x64.Build.0 = Debug|x64
		{B5596DBD-8BD6-410E-BE79-06EF0EE91D56}.Debug|x86.ActiveCfg = Debug|Win32
		{B5596DBD-8BD6-410E-BE79-06EF0EE91D56}.Debug|x86.Build.0 = Debug|Win32
		{B5596DBD-8BD6-410E-BE79-06EF0EE91D56}.Release|x64.ActiveCfg = Release|x64
		{B5596DBD-8BD6-410E-BE79-06EF0EE91D56}.Release|x64.Build.0 = Release|x64
		{B5596DBD-8BD6-410E-BE79-06EF0EE91D56}.Release|x86.ActiveCfg = Release|Win32
		{B5596DBD-8BD6-410E-BE79-06EF0EE91D56}.Release|x86.Build.0 = Release|Win32
	EndGlobalSection
	GlobalSection(SolutionProperties) = preSolution
		HideSolutionNode = FALSE
	EndGlobalSection
EndGlobal
